# This file was autogenerated by Stack.
# You should not edit this file by hand.
# For more information, please see the documentation at:
#   https://docs.haskellstack.org/en/stable/lock_files

packages:
- completed:
    hackage: cabal-install-3.10.2.1@sha256:62473f7872200110b34d52f3f7005bdb0d7859b5f303d439b4f6e9fe4077056f,14968
    pantry-tree:
      sha256: 075cf86c0fc477f133887ebdffc9a8ac4cf88811d0c5cb8dcb6b48d86c697afd
      size: 15208
  original:
    hackage: cabal-install-3.10.2.1
snapshots:
- completed:
    sha256: afd5ba64ab602cabc2d3942d3d7e7dd6311bc626dcb415b901eaf576cb62f0ea
    size: 640060
    url: https://raw.githubusercontent.com/commercialhaskell/stackage-snapshots/master/lts/21/22.yaml
  original:
    url: https://raw.githubusercontent.com/commercialhaskell/stackage-snapshots/master/lts/21/22.yaml
